Microsoft Visual Studio Solution File, Format Version 12.00
# Visual Studio Version 17
VisualStudioVersion = 17.5.2.0
MinimumVisualStudioVersion = 10.0.40219.1
Project("{FAE04EC0-301F-11D3-BF4B-00C04F79EFBC}") = "Surix.Api", "Surix.Api\Surix.Api.csproj", "{9887BB8C-1CD6-169E-00CD-7219533BED21}"
EndProject
Global
	GlobalSection(SolutionConfigurationPlatforms) = preSolution
		Debug|Any CPU = Debug|Any CPU
		Release|Any CPU = Release|Any CPU
	EndGlobalSection
	GlobalSection(ProjectConfigurationPlatforms) = postSolution
		{9887BB8C-1CD6-169E-00CD-7219533BED21}.Debug|Any CPU.ActiveCfg = Debug|Any CPU
		{9887BB8C-1CD6-169E-00CD-7219533BED21}.Debug|Any CPU.Build.0 = Debug|Any CPU
		{9887BB8C-1CD6-169E-00CD-7219533BED21}.Release|Any CPU.ActiveCfg = Release|Any CPU
		{9887BB8C-1CD6-169E-00CD-7219533BED21}.Release|Any CPU.Build.0 = Release|Any CPU
	EndGlobalSection
	GlobalSection(SolutionProperties) = preSolution
		HideSolutionNode = FALSE
	EndGlobalSection
	GlobalSection(ExtensibilityGlobals) = postSolution
		SolutionGuid = {018C239B-0506-463D-BF1A-559BD200E372}
	EndGlobalSection
EndGlobal
